
Microsoft Visual Studio Solution File, Format Version 12.00
# Visual Studio 15
VisualStudioVersion = 15.0.27703.2000
MinimumVisualStudioVersion = 10.0.40219.1
Project("{FAE04EC0-301F-11D3-BF4B-00C04F79EFBC}") = "MobiManager.Model", "MobiManager.Model\MobiManager.Model.csproj", "{540C1AC2-D969-4D00-9343-9B6D19D39A36}"
EndProject
Project("{FAE04EC0-301F-11D3-BF4B-00C04F79EFBC}") = "MobiManager.Repository", "MobiManager.Repository\MobiManager.Repository.csproj", "{75833D4F-24E4-4BF0-B153-96828BA866A5}"
EndProject
Project("{FAE04EC0-301F-11D3-BF4B-00C04F79EFBC}") = "MobiManager.UI", "MobiManager.UI\MobiManager.UI.csproj", "{5E27FCC8-7F66-40DF-9B4C-EFDBCE61FB0A}"
EndProject
Project("{FAE04EC0-301F-11D3-BF4B-00C04F79EFBC}") = "MobiManager.API", "MobiManager.API\MobiManager.API.csproj", "{4600ABA3-2E58-47AF-B97C-D41FE29C0F39}"
EndProject
Project("{2150E333-8FDC-42A3-9474-1A3956D46DE8}") = "SQL", "SQL", "{B8FEABBC-455A-4FF8-8C4A-8A79E8111070}"
	ProjectSection(SolutionItems) = preProject
		SQL\MobiManagerDB_Populate.sql = SQL\MobiManagerDB_Populate.sql
		SQL\MobiManagerDB_SQLQuery.sql = SQL\MobiManagerDB_SQLQuery.sql
	EndProjectSection
EndProject
Project("{FAE04EC0-301F-11D3-BF4B-00C04F79EFBC}") = "MobiManager.RepositoryAbstraction", "MobiManager.RepositoryAbstraction\MobiManager.RepositoryAbstraction.csproj", "{273467F7-643E-4326-80A8-64C39B65AD0C}"
EndProject
Global
	GlobalSection(SolutionConfigurationPlatforms) = preSolution
		Debug|Any CPU = Debug|Any CPU
		Release|Any CPU = Release|Any CPU
	EndGlobalSection
	GlobalSection(ProjectConfigurationPlatforms) = postSolution
		{540C1AC2-D969-4D00-9343-9B6D19D39A36}.Debug|Any CPU.ActiveCfg = Debug|Any CPU
		{540C1AC2-D969-4D00-9343-9B6D19D39A36}.Debug|Any CPU.Build.0 = Debug|Any CPU
		{540C1AC2-D969-4D00-9343-9B6D19D39A36}.Release|Any CPU.ActiveCfg = Release|Any CPU
		{540C1AC2-D969-4D00-9343-9B6D19D39A36}.Release|Any CPU.Build.0 = Release|Any CPU
		{75833D4F-24E4-4BF0-B153-96828BA866A5}.Debug|Any CPU.ActiveCfg = Debug|Any CPU
		{75833D4F-24E4-4BF0-B153-96828BA866A5}.Debug|Any CPU.Build.0 = Debug|Any CPU
		{75833D4F-24E4-4BF0-B153-96828BA866A5}.Release|Any CPU.ActiveCfg = Release|Any CPU
		{75833D4F-24E4-4BF0-B153-96828BA866A5}.Release|Any CPU.Build.0 = Release|Any CPU
		{5E27FCC8-7F66-40DF-9B4C-EFDBCE61FB0A}.Debug|Any CPU.ActiveCfg = Debug|Any CPU
		{5E27FCC8-7F66-40DF-9B4C-EFDBCE61FB0A}.Debug|Any CPU.Build.0 = Debug|Any CPU
		{5E27FCC8-7F66-40DF-9B4C-EFDBCE61FB0A}.Release|Any CPU.ActiveCfg = Release|Any CPU
		{5E27FCC8-7F66-40DF-9B4C-EFDBCE61FB0A}.Release|Any CPU.Build.0 = Release|Any CPU
		{4600ABA3-2E58-47AF-B97C-D41FE29C0F39}.Debug|Any CPU.ActiveCfg = Debug|Any CPU
		{4600ABA3-2E58-47AF-B97C-D41FE29C0F39}.Debug|Any CPU.Build.0 = Debug|Any CPU
		{4600ABA3-2E58-47AF-B97C-D41FE29C0F39}.Release|Any CPU.ActiveCfg = Release|Any CPU
		{4600ABA3-2E58-47AF-B97C-D41FE29C0F39}.Release|Any CPU.Build.0 = Release|Any CPU
		{273467F7-643E-4326-80A8-64C39B65AD0C}.Debug|Any CPU.ActiveCfg = Debug|Any CPU
		{273467F7-643E-4326-80A8-64C39B65AD0C}.Debug|Any CPU.Build.0 = Debug|Any CPU
		{273467F7-643E-4326-80A8-64C39B65AD0C}.Release|Any CPU.ActiveCfg = Release|Any CPU
		{273467F7-643E-4326-80A8-64C39B65AD0C}.Release|Any CPU.Build.0 = Release|Any CPU
	EndGlobalSection
	GlobalSection(SolutionProperties) = preSolution
		HideSolutionNode = FALSE
	EndGlobalSection
	GlobalSection(ExtensibilityGlobals) = postSolution
		SolutionGuid = {BEB0468F-AE1A-449E-9800-7FD95C8ED922}
	EndGlobalSection
EndGlobal
